// !$*UTF8*$!
{
	archiveVersion = 1;
	classes = {
	};
	objectVersion = 77;
	objects = {

/* Begin PBXContainerItemProxy section */
		8A5F72A0FA0048E183C84CE8 /* PBXContainerItemProxy */ = {
			isa = PBXContainerItemProxy;
			containerPortal = A00341582F3C036300FCE096 /* Project object */;
			proxyType = 1;
			remoteGlobalIDString = E390C7C85A23428EA8628AF2;
			remoteInfo = ProximityUnlockiOS;
		};
		F6E9650D064043F9A4C2AC63 /* PBXContainerItemProxy */ = {
			isa = PBXContainerItemProxy;
			containerPortal = A00341582F3C036300FCE096 /* Project object */;
			proxyType = 1;
			remoteGlobalIDString = A003415F2F3C036300FCE096;
			remoteInfo = ProximityUnlockMac;
		};
/* End PBXContainerItemProxy section */

/* Begin PBXFileReference section */
		0B4BA11EA3924C398F1C551F /* ProximityUnlockiOS.app */ = {isa = PBXFileReference; explicitFileType = wrapper.application; includeInIndex = 0; path = ProximityUnlockiOS.app; sourceTree = BUILT_PRODUCTS_DIR; };
		74CE281DE5A74F6BAB6EDFC8 /* ProximityUnlockiOSTests.xctest */ = {isa = PBXFileReference; explicitFileType = wrapper.cfbundle; includeInIndex = 0; path = ProximityUnlockiOSTests.xctest; sourceTree = BUILT_PRODUCTS_DIR; };
		A00341602F3C036300FCE096 /* ProximityUnlockMac.app */ = {isa = PBXFileReference; explicitFileType = wrapper.application; includeInIndex = 0; path = ProximityUnlockMac.app; sourceTree = BUILT_PRODUCTS_DIR; };
		E678599399C943F383F3A8CE /* ProximityUnlockMacTests.xctest */ = {isa = PBXFileReference; explicitFileType = wrapper.cfbundle; includeInIndex = 0; path = ProximityUnlockMacTests.xctest; sourceTree = BUILT_PRODUCTS_DIR; };
/* End PBXFileReference section */

/* Begin PBXFileSystemSynchronizedRootGroup section */
		3AA1B77298FD4AC887767654 /* ProximityUnlockiOSTests */ = {
			isa = PBXFileSystemSynchronizedRootGroup;
			path = ProximityUnlockiOSTests;
			sourceTree = "<group>";
		};
		4C4E9657E2D44C3CB761D635 /* ProximityUnlockMacTests */ = {
			isa = PBXFileSystemSynchronizedRootGroup;
			path = ProximityUnlockMacTests;
			sourceTree = "<group>";
		};
		A00341622F3C036300FCE096 /* ProximityUnlockMac */ = {
			isa = PBXFileSystemSynchronizedRootGroup;
			path = ProximityUnlockMac;
			sourceTree = "<group>";
		};
		A3B013A144774FC2BBF418B3 /* ProximityUnlockiOS */ = {
			isa = PBXFileSystemSynchronizedRootGroup;
			path = ProximityUnlockiOS;
			sourceTree = "<group>";
		};
/* End PBXFileSystemSynchronizedRootGroup section */

/* Begin PBXFrameworksBuildPhase section */
		1A6B973883004F0195B03810 /* Frameworks */ = {
			isa = PBXFrameworksBuildPhase;
			buildActionMask = 2147483647;
			files = (
			);
			runOnlyForDeploymentPostprocessing = 0;
		};
		A003415D2F3C036300FCE096 /* Frameworks */ = {
			isa = PBXFrameworksBuildPhase;
			buildActionMask = 2147483647;
			files = (
			);
			runOnlyForDeploymentPostprocessing = 0;
		};
		BD425E82E25F47DEB17D77F1 /* Frameworks */ = {
			isa = PBXFrameworksBuildPhase;
			buildActionMask = 2147483647;
			files = (
			);
			runOnlyForDeploymentPostprocessing = 0;
		};
		FC0CFC8A7B2A44B496BE753E /* Frameworks */ = {
			isa = PBXFrameworksBuildPhase;
			buildActionMask = 2147483647;
			files = (
			);
			runOnlyForDeploymentPostprocessing = 0;
		};
/* End PBXFrameworksBuildPhase section */

/* Begin PBXGroup section */
		A00341572F3C036300FCE096 = {
			isa = PBXGroup;
			children = (
				A00341622F3C036300FCE096 /* ProximityUnlockMac */,
				A3B013A144774FC2BBF418B3 /* ProximityUnlockiOS */,
				4C4E9657E2D44C3CB761D635 /* ProximityUnlockMacTests */,
				3AA1B77298FD4AC887767654 /* ProximityUnlockiOSTests */,
				A00341612F3C036300FCE096 /* Products */,
			);
			sourceTree = "<group>";
		};
		A00341612F3C036300FCE096 /* Products */ = {
			isa = PBXGroup;
			children = (
				A00341602F3C036300FCE096 /* ProximityUnlockMac.app */,
				0B4BA11EA3924C398F1C551F /* ProximityUnlockiOS.app */,
				E678599399C943F383F3A8CE /* ProximityUnlockMacTests.xctest */,
				74CE281DE5A74F6BAB6EDFC8 /* ProximityUnlockiOSTests.xctest */,
			);
			name = Products;
			sourceTree = "<group>";
		};
/* End PBXGroup section */

/* Begin PBXNativeTarget section */
		6B57DFF89D1E43CCB80C67A4 /* ProximityUnlockMacTests */ = {
			isa = PBXNativeTarget;
			buildConfigurationList = 078695D624C549969E697E2D /* Build configuration list for PBXNativeTarget "ProximityUnlockMacTests" */;
			buildPhases = (
				7C2B8922A13047A48EDE3641 /* Sources */,
				1A6B973883004F0195B03810 /* Frameworks */,
				148ECFC206DE41559C1320BF /* Resources */,
			);
			buildRules = (
			);
			dependencies = (
				C93609FDCCD946F9B8BDC10B /* PBXTargetDependency */,
			);
			fileSystemSynchronizedGroups = (
				4C4E9657E2D44C3CB761D635 /* ProximityUnlockMacTests */,
			);
			name = ProximityUnlockMacTests;
			packageProductDependencies = (
			);
			productName = ProximityUnlockMacTests;
			productReference = E678599399C943F383F3A8CE /* ProximityUnlockMacTests.xctest */;
			productType = "com.apple.product-type.bundle.unit-test";
		};
		96E4C8BCABC44B9DACC2D25C /* ProximityUnlockiOSTests */ = {
			isa = PBXNativeTarget;
			buildConfigurationList = 3A6F4B1B4245430390D350BC /* Build configuration list for PBXNativeTarget "ProximityUnlockiOSTests" */;
			buildPhases = (
				5CEA35CCE37D4051A40D8199 /* Sources */,
				FC0CFC8A7B2A44B496BE753E /* Frameworks */,
				210351B706D2490C8CE399A3 /* Resources */,
			);
			buildRules = (
			);
			dependencies = (
				BA7014AF8E514A6F9FCE7F80 /* PBXTargetDependency */,
			);
			fileSystemSynchronizedGroups = (
				3AA1B77298FD4AC887767654 /* ProximityUnlockiOSTests */,
			);
			name = ProximityUnlockiOSTests;
			packageProductDependencies = (
			);
			productName = ProximityUnlockiOSTests;
			productReference = 74CE281DE5A74F6BAB6EDFC8 /* ProximityUnlockiOSTests.xctest */;
			productType = "com.apple.product-type.bundle.unit-test";
		};
		A003415F2F3C036300FCE096 /* ProximityUnlockMac */ = {
			isa = PBXNativeTarget;
			buildConfigurationList = A003416B2F3C036400FCE096 /* Build configuration list for PBXNativeTarget "ProximityUnlockMac" */;
			buildPhases = (
				A003415C2F3C036300FCE096 /* Sources */,
				A003415D2F3C036300FCE096 /* Frameworks */,
				A003415E2F3C036300FCE096 /* Resources */,
			);
			buildRules = (
			);
			dependencies = (
			);
			fileSystemSynchronizedGroups = (
				A00341622F3C036300FCE096 /* ProximityUnlockMac */,
			);
			name = ProximityUnlockMac;
			packageProductDependencies = (
			);
			productName = ProximityUnlockMac;
			productReference = A00341602F3C036300FCE096 /* ProximityUnlockMac.app */;
			productType = "com.apple.product-type.application";
		};
		E390C7C85A23428EA8628AF2 /* ProximityUnlockiOS */ = {
			isa = PBXNativeTarget;
			buildConfigurationList = 64722CB32CC3405D88976557 /* Build configuration list for PBXNativeTarget "ProximityUnlockiOS" */;
			buildPhases = (
				AFF10E3CECE5446A81114A0D /* Sources */,
				BD425E82E25F47DEB17D77F1 /* Frameworks */,
				A771E2FD38064161AB584E6E /* Resources */,
			);
			buildRules = (
			);
			dependencies = (
			);
			fileSystemSynchronizedGroups = (
				A3B013A144774FC2BBF418B3 /* ProximityUnlockiOS */,
			);
			name = ProximityUnlockiOS;
			packageProductDependencies = (
			);
			productName = ProximityUnlockiOS;
			productReference = 0B4BA11EA3924C398F1C551F /* ProximityUnlockiOS.app */;
			productType = "com.apple.product-type.application";
		};
/* End PBXNativeTarget section */

/* Begin PBXProject section */
		A00341582F3C036300FCE096 /* Project object */ = {
			isa = PBXProject;
			attributes = {
				BuildIndependentTargetsInParallel = 1;
				LastSwiftUpdateCheck = 2620;
				LastUpgradeCheck = 2620;
				TargetAttributes = {
					A003415F2F3C036300FCE096 = {
						CreatedOnToolsVersion = 26.2;
					};
				};
			};
			buildConfigurationList = A003415B2F3C036300FCE096 /* Build configuration list for PBXProject "ProximityUnlockMac" */;
			developmentRegion = en;
			hasScannedForEncodings = 0;
			knownRegions = (
				en,
				Base,
			);
			mainGroup = A00341572F3C036300FCE096;
			minimizedProjectReferenceProxies = 1;
			preferredProjectObjectVersion = 77;
			productRefGroup = A00341612F3C036300FCE096 /* Products */;
			projectDirPath = "";
			projectRoot = "";
			targets = (
				A003415F2F3C036300FCE096 /* ProximityUnlockMac */,
				E390C7C85A23428EA8628AF2 /* ProximityUnlockiOS */,
				6B57DFF89D1E43CCB80C67A4 /* ProximityUnlockMacTests */,
				96E4C8BCABC44B9DACC2D25C /* ProximityUnlockiOSTests */,
			);
		};
/* End PBXProject section */

/* Begin PBXResourcesBuildPhase section */
		148ECFC206DE41559C1320BF /* Resources */ = {
			isa = PBXResourcesBuildPhase;
			buildActionMask = 2147483647;
			files = (
			);
			runOnlyForDeploymentPostprocessing = 0;
		};
		210351B706D2490C8CE399A3 /* Resources */ = {
			isa = PBXResourcesBuildPhase;
			buildActionMask = 2147483647;
			files = (
			);
			runOnlyForDeploymentPostprocessing = 0;
		};
		A003415E2F3C036300FCE096 /* Resources */ = {
			isa = PBXResourcesBuildPhase;
			buildActionMask = 2147483647;
			files = (
			);
			runOnlyForDeploymentPostprocessing = 0;
		};
		A771E2FD38064161AB584E6E /* Resources */ = {
			isa = PBXResourcesBuildPhase;
			buildActionMask = 2147483647;
			files = (
			);
			runOnlyForDeploymentPostprocessing = 0;
		};
/* End PBXResourcesBuildPhase section */

/* Begin PBXSourcesBuildPhase section */
		5CEA35CCE37D4051A40D8199 /* Sources */ = {
			isa = PBXSourcesBuildPhase;
			buildActionMask = 2147483647;
			files = (
			);
			runOnlyForDeploymentPostprocessing = 0;
		};
		7C2B8922A13047A48EDE3641 /* Sources */ = {
			isa = PBXSourcesBuildPhase;
			buildActionMask = 2147483647;
			files = (
			);
			runOnlyForDeploymentPostprocessing = 0;
		};
		A003415C2F3C036300FCE096 /* Sources */ = {
			isa = PBXSourcesBuildPhase;
			buildActionMask = 2147483647;
			files = (
			);
			runOnlyForDeploymentPostprocessing = 0;
		};
		AFF10E3CECE5446A81114A0D /* Sources */ = {
			isa = PBXSourcesBuildPhase;
			buildActionMask = 2147483647;
			files = (
			);
			runOnlyForDeploymentPostprocessing = 0;
		};
/* End PBXSourcesBuildPhase section */

/* Begin PBXTargetDependency section */
		BA7014AF8E514A6F9FCE7F80 /* PBXTargetDependency */ = {
			isa = PBXTargetDependency;
			target = E390C7C85A23428EA8628AF2 /* ProximityUnlockiOS */;
			targetProxy = 8A5F72A0FA0048E183C84CE8 /* PBXContainerItemProxy */;
		};
		C93609FDCCD946F9B8BDC10B /* PBXTargetDependency */ = {
			isa = PBXTargetDependency;
			target = A003415F2F3C036300FCE096 /* ProximityUnlockMac */;
			targetProxy = F6E9650D064043F9A4C2AC63 /* PBXContainerItemProxy */;
		};
/* End PBXTargetDependency section */

/* Begin XCBuildConfiguration section */
		2AB3DA68830F4564ADC21420 /* Debug */ = {
			isa = XCBuildConfiguration;
			buildSettings = {
				BUNDLE_LOADER = "$(TEST_HOST)";
				CODE_SIGN_STYLE = Automatic;
				CURRENT_PROJECT_VERSION = 1;
				GENERATE_INFOPLIST_FILE = YES;
				IPHONEOS_DEPLOYMENT_TARGET = 18.6;
				MARKETING_VERSION = 1.0;
				PRODUCT_BUNDLE_IDENTIFIER = com.raghav.ProximityUnlock.ProximityUnlockiOSTests;
				PRODUCT_NAME = "$(TARGET_NAME)";
				SDKROOT = iphoneos;
				SWIFT_VERSION = 5.0;
				TARGETED_DEVICE_FAMILY = 1;
				TEST_HOST = "$(BUILT_PRODUCTS_DIR)/ProximityUnlockiOS.app/ProximityUnlockiOS";
			};
			name = Debug;
		};
		2F7893B9A355470AB2C4B9DF /* Debug */ = {
			isa = XCBuildConfiguration;
			buildSettings = {
				BUNDLE_LOADER = "$(TEST_HOST)";
				CODE_SIGN_STYLE = Automatic;
				CURRENT_PROJECT_VERSION = 1;
				GENERATE_INFOPLIST_FILE = YES;
				MACOSX_DEPLOYMENT_TARGET = 26.2;
				MARKETING_VERSION = 1.0;
				PRODUCT_BUNDLE_IDENTIFIER = com.raghav.ProximityUnlock.ProximityUnlockMacTests;
				PRODUCT_NAME = "$(TARGET_NAME)";
				SDKROOT = macosx;
				SWIFT_VERSION = 5.0;
				TEST_HOST = "$(BUILT_PRODUCTS_DIR)/ProximityUnlockMac.app/Contents/MacOS/ProximityUnlockMac";
			};
			name = Debug;
		};
		30CB46D9276A4D9988EBA04A /* Release */ = {
			isa = XCBuildConfiguration;
			buildSettings = {
				BUNDLE_LOADER = "$(TEST_HOST)";
				CODE_SIGN_STYLE = Automatic;
				CURRENT_PROJECT_VERSION = 1;
				GENERATE_INFOPLIST_FILE = YES;
				IPHONEOS_DEPLOYMENT_TARGET = 18.6;
				MARKETING_VERSION = 1.0;
				PRODUCT_BUNDLE_IDENTIFIER = com.raghav.ProximityUnlock.ProximityUnlockiOSTests;
				PRODUCT_NAME = "$(TARGET_NAME)";
				SDKROOT = iphoneos;
				SWIFT_VERSION = 5.0;
				TARGETED_DEVICE_FAMILY = 1;
				TEST_HOST = "$(BUILT_PRODUCTS_DIR)/ProximityUnlockiOS.app/ProximityUnlockiOS";
			};
			name = Release;
		};
		A00341692F3C036400FCE096 /* Debug */ = {
			isa = XCBuildConfiguration;
			buildSettings = {
				ALWAYS_SEARCH_USER_PATHS = NO;
				ASSETCATALOG_COMPILER_GENERATE_SWIFT_ASSET_SYMBOL_EXTENSIONS = YES;
				CLANG_ANALYZER_NONNULL = YES;
				CLANG_ANALYZER_NUMBER_OBJECT_CONVERSION = YES_AGGRESSIVE;
				CLANG_CXX_LANGUAGE_STANDARD = "gnu++20";
				CLANG_ENABLE_MODULES = YES;
				CLANG_ENABLE_OBJC_ARC = YES;
				CLANG_ENABLE_OBJC_WEAK = YES;
				CLANG_WARN_BLOCK_CAPTURE_AUTORELEASING = YES;
				CLANG_WARN_BOOL_CONVERSION = YES;
				CLANG_WARN_COMMA = YES;
				CLANG_WARN_CONSTANT_CONVERSION = YES;
				CLANG_WARN_DEPRECATED_OBJC_IMPLEMENTATIONS = YES;
				CLANG_WARN_DIRECT_OBJC_ISA_USAGE = YES_ERROR;
				CLANG_WARN_DOCUMENTATION_COMMENTS = YES;
				CLANG_WARN_EMPTY_BODY = YES;
				CLANG_WARN_ENUM_CONVERSION = YES;
				CLANG_WARN_INFINITE_RECURSION = YES;
				CLANG_WARN_INT_CONVERSION = YES;
				CLANG_WARN_NON_LITERAL_NULL_CONVERSION = YES;
				CLANG_WARN_OBJC_IMPLICIT_RETAIN_SELF = YES;
				CLANG_WARN_OBJC_LITERAL_CONVERSION = YES;
				CLANG_WARN_OBJC_ROOT_CLASS = YES_ERROR;
				CLANG_WARN_QUOTED_INCLUDE_IN_FRAMEWORK_HEADER = YES;
				CLANG_WARN_RANGE_LOOP_ANALYSIS = YES;
				CLANG_WARN_STRICT_PROTOTYPES = YES;
				CLANG_WARN_SUSPICIOUS_MOVE = YES;
				CLANG_WARN_UNGUARDED_AVAILABILITY = YES_AGGRESSIVE;
				CLANG_WARN_UNREACHABLE_CODE = YES;
				CLANG_WARN__DUPLICATE_METHOD_MATCH = YES;
				COPY_PHASE_STRIP = NO;
				DEBUG_INFORMATION_FORMAT = dwarf;
				ENABLE_STRICT_OBJC_MSGSEND = YES;
				ENABLE_TESTABILITY = YES;
				ENABLE_USER_SCRIPT_SANDBOXING = YES;
				GCC_C_LANGUAGE_STANDARD = gnu17;
				GCC_DYNAMIC_NO_PIC = NO;
				GCC_NO_COMMON_BLOCKS = YES;
				GCC_OPTIMIZATION_LEVEL = 0;
				GCC_PREPROCESSOR_DEFINITIONS = (
					"DEBUG=1",
					"$(inherited)",
				);
				GCC_WARN_64_TO_32_BIT_CONVERSION = YES;
				GCC_WARN_ABOUT_RETURN_TYPE = YES_ERROR;
				GCC_WARN_UNDECLARED_SELECTOR = YES;
				GCC_WARN_UNINITIALIZED_AUTOS = YES_AGGRESSIVE;
				GCC_WARN_UNUSED_FUNCTION = YES;
				GCC_WARN_UNUSED_VARIABLE = YES;
				LOCALIZATION_PREFERS_STRING_CATALOGS = YES;
				MACOSX_DEPLOYMENT_TARGET = 26.2;
				MTL_ENABLE_DEBUG_INFO = INCLUDE_SOURCE;
				MTL_FAST_MATH = YES;
				ONLY_ACTIVE_ARCH = YES;
				SDKROOT = macosx;
				SWIFT_ACTIVE_COMPILATION_CONDITIONS = "DEBUG $(inherited)";
				SWIFT_OPTIMIZATION_LEVEL = "-Onone";
			};
			name = Debug;
		};
		A003416A2F3C036400FCE096 /* Release */ = {
			isa = XCBuildConfiguration;
			buildSettings = {
				ALWAYS_SEARCH_USER_PATHS = NO;
				ASSETCATALOG_COMPILER_GENERATE_SWIFT_ASSET_SYMBOL_EXTENSIONS = YES;
				CLANG_ANALYZER_NONNULL = YES;
				CLANG_ANALYZER_NUMBER_OBJECT_CONVERSION = YES_AGGRESSIVE;
				CLANG_CXX_LANGUAGE_STANDARD = "gnu++20";
				CLANG_ENABLE_MODULES = YES;
				CLANG_ENABLE_OBJC_ARC = YES;
				CLANG_ENABLE_OBJC_WEAK = YES;
				CLANG_WARN_BLOCK_CAPTURE_AUTORELEASING = YES;
				CLANG_WARN_BOOL_CONVERSION = YES;
				CLANG_WARN_COMMA = YES;
				CLANG_WARN_CONSTANT_CONVERSION = YES;
				CLANG_WARN_DEPRECATED_OBJC_IMPLEMENTATIONS = YES;
				CLANG_WARN_DIRECT_OBJC_ISA_USAGE = YES_ERROR;
				CLANG_WARN_DOCUMENTATION_COMMENTS = YES;
				CLANG_WARN_EMPTY_BODY = YES;
				CLANG_WARN_ENUM_CONVERSION = YES;
				CLANG_WARN_INFINITE_RECURSION = YES;
				CLANG_WARN_INT_CONVERSION = YES;
				CLANG_WARN_NON_LITERAL_NULL_CONVERSION = YES;
				CLANG_WARN_OBJC_IMPLICIT_RETAIN_SELF = YES;
				CLANG_WARN_OBJC_LITERAL_CONVERSION = YES;
				CLANG_WARN_OBJC_ROOT_CLASS = YES_ERROR;
				CLANG_WARN_QUOTED_INCLUDE_IN_FRAMEWORK_HEADER = YES;
				CLANG_WARN_RANGE_LOOP_ANALYSIS = YES;
				CLANG_WARN_STRICT_PROTOTYPES = YES;
				CLANG_WARN_SUSPICIOUS_MOVE = YES;
				CLANG_WARN_UNGUARDED_AVAILABILITY = YES_AGGRESSIVE;
				CLANG_WARN_UNREACHABLE_CODE = YES;
				CLANG_WARN__DUPLICATE_METHOD_MATCH = YES;
				COPY_PHASE_STRIP = NO;
				DEBUG_INFORMATION_FORMAT = "dwarf-with-dsym";
				ENABLE_NS_ASSERTIONS = NO;
				ENABLE_STRICT_OBJC_MSGSEND = YES;
				ENABLE_USER_SCRIPT_SANDBOXING = YES;
				GCC_C_LANGUAGE_STANDARD = gnu17;
				GCC_NO_COMMON_BLOCKS = YES;
				GCC_WARN_64_TO_32_BIT_CONVERSION = YES;
				GCC_WARN_ABOUT_RETURN_TYPE = YES_ERROR;
				GCC_WARN_UNDECLARED_SELECTOR = YES;
				GCC_WARN_UNINITIALIZED_AUTOS = YES_AGGRESSIVE;
				GCC_WARN_UNUSED_FUNCTION = YES;
				GCC_WARN_UNUSED_VARIABLE = YES;
				LOCALIZATION_PREFERS_STRING_CATALOGS = YES;
				MACOSX_DEPLOYMENT_TARGET = 26.2;
				MTL_ENABLE_DEBUG_INFO = NO;
				MTL_FAST_MATH = YES;
				SDKROOT = macosx;
				SWIFT_COMPILATION_MODE = wholemodule;
			};
			name = Release;
		};
		A003416C2F3C036400FCE096 /* Debug */ = {
			isa = XCBuildConfiguration;
			buildSettings = {
				ASSETCATALOG_COMPILER_APPICON_NAME = AppIcon;
				ASSETCATALOG_COMPILER_GLOBAL_ACCENT_COLOR_NAME = AccentColor;
				CODE_SIGN_ENTITLEMENTS = ProximityUnlockMac/ProximityUnlockMac.entitlements;
				CODE_SIGN_STYLE = Automatic;
				COMBINE_HIDPI_IMAGES = YES;
				CURRENT_PROJECT_VERSION = 1;
				ENABLE_APP_SANDBOX = NO;
				ENABLE_PREVIEWS = YES;
				GENERATE_INFOPLIST_FILE = YES;
				INFOPLIST_KEY_LSUIElement = YES;
				INFOPLIST_KEY_NSBluetoothAlwaysUsageDescription = "ProximityUnlock uses Bluetooth to detect your iPhone.";
				INFOPLIST_KEY_NSHumanReadableCopyright = "";
				INFOPLIST_KEY_NSLocalNetworkUsageDescription = "ProximityUnlock uses the local network to maintain a reliable connection with your iPhone for proximity unlocking.";
				LD_RUNPATH_SEARCH_PATHS = (
					"$(inherited)",
					"@executable_path/../Frameworks",
				);
				MARKETING_VERSION = 1.0;
				PRODUCT_BUNDLE_IDENTIFIER = com.raghav.ProximityUnlock.ProximityUnlockMac;
				PRODUCT_NAME = "$(TARGET_NAME)";
				REGISTER_APP_GROUPS = YES;
				STRING_CATALOG_GENERATE_SYMBOLS = YES;
				SWIFT_APPROACHABLE_CONCURRENCY = YES;
				SWIFT_DEFAULT_ACTOR_ISOLATION = MainActor;
				SWIFT_EMIT_LOC_STRINGS = YES;
				SWIFT_UPCOMING_FEATURE_MEMBER_IMPORT_VISIBILITY = YES;
				SWIFT_VERSION = 5.0;
			};
			name = Debug;
		};
		A003416D2F3C036400FCE096 /* Release */ = {
			isa = XCBuildConfiguration;
			buildSettings = {
				ASSETCATALOG_COMPILER_APPICON_NAME = AppIcon;
				ASSETCATALOG_COMPILER_GLOBAL_ACCENT_COLOR_NAME = AccentColor;
				CODE_SIGN_ENTITLEMENTS = ProximityUnlockMac/ProximityUnlockMac.entitlements;
				CODE_SIGN_STYLE = Automatic;
				COMBINE_HIDPI_IMAGES = YES;
				CURRENT_PROJECT_VERSION = 1;
				ENABLE_APP_SANDBOX = NO;
				ENABLE_PREVIEWS = YES;
				GENERATE_INFOPLIST_FILE = YES;
				INFOPLIST_KEY_LSUIElement = YES;
				INFOPLIST_KEY_NSBluetoothAlwaysUsageDescription = "ProximityUnlock uses Bluetooth to detect your iPhone.";
				INFOPLIST_KEY_NSHumanReadableCopyright = "";
				INFOPLIST_KEY_NSLocalNetworkUsageDescription = "ProximityUnlock uses the local network to maintain a reliable connection with your iPhone for proximity unlocking.";
				LD_RUNPATH_SEARCH_PATHS = (
					"$(inherited)",
					"@executable_path/../Frameworks",
				);
				MARKETING_VERSION = 1.0;
				PRODUCT_BUNDLE_IDENTIFIER = com.raghav.ProximityUnlock.ProximityUnlockMac;
				PRODUCT_NAME = "$(TARGET_NAME)";
				REGISTER_APP_GROUPS = YES;
				STRING_CATALOG_GENERATE_SYMBOLS = YES;
				SWIFT_APPROACHABLE_CONCURRENCY = YES;
				SWIFT_DEFAULT_ACTOR_ISOLATION = MainActor;
				SWIFT_EMIT_LOC_STRINGS = YES;
				SWIFT_UPCOMING_FEATURE_MEMBER_IMPORT_VISIBILITY = YES;
				SWIFT_VERSION = 5.0;
			};
			name = Release;
		};
		C1688F8DB35E4D8294115EC2 /* Release */ = {
			isa = XCBuildConfiguration;
			buildSettings = {
				ASSETCATALOG_COMPILER_APPICON_NAME = AppIcon;
				ASSETCATALOG_COMPILER_GLOBAL_ACCENT_COLOR_NAME = AccentColor;
				CODE_SIGN_STYLE = Automatic;
				CURRENT_PROJECT_VERSION = 1;
				DEVELOPMENT_TEAM = 39VK47BC8L;
				ENABLE_PREVIEWS = YES;
				GENERATE_INFOPLIST_FILE = NO;
				INFOPLIST_FILE = "ProximityUnlockiOS-Info.plist";
				IPHONEOS_DEPLOYMENT_TARGET = 18.6;
				LD_RUNPATH_SEARCH_PATHS = (
					"$(inherited)",
					"@executable_path/Frameworks",
				);
				MARKETING_VERSION = 1.0;
				PRODUCT_BUNDLE_IDENTIFIER = com.raghav.ProximityUnlock.ProximityUnlockiOS;
				PRODUCT_NAME = "$(TARGET_NAME)";
				SDKROOT = iphoneos;
				STRING_CATALOG_GENERATE_SYMBOLS = YES;
				SWIFT_APPROACHABLE_CONCURRENCY = YES;
				SWIFT_DEFAULT_ACTOR_ISOLATION = MainActor;
				SWIFT_EMIT_LOC_STRINGS = YES;
				SWIFT_VERSION = 5.0;
				TARGETED_DEVICE_FAMILY = 1;
			};
			name = Release;
		};
		E8CE05682ADA45F898732902 /* Release */ = {
			isa = XCBuildConfiguration;
			buildSettings = {
				BUNDLE_LOADER = "$(TEST_HOST)";
				CODE_SIGN_STYLE = Automatic;
				CURRENT_PROJECT_VERSION = 1;
				GENERATE_INFOPLIST_FILE = YES;
				MACOSX_DEPLOYMENT_TARGET = 26.2;
				MARKETING_VERSION = 1.0;
				PRODUCT_BUNDLE_IDENTIFIER = com.raghav.ProximityUnlock.ProximityUnlockMacTests;
				PRODUCT_NAME = "$(TARGET_NAME)";
				SDKROOT = macosx;
				SWIFT_VERSION = 5.0;
				TEST_HOST = "$(BUILT_PRODUCTS_DIR)/ProximityUnlockMac.app/Contents/MacOS/ProximityUnlockMac";
			};
			name = Release;
		};
		FEE0C02BE186467B88CA39C1 /* Debug */ = {
			isa = XCBuildConfiguration;
			buildSettings = {
				ASSETCATALOG_COMPILER_APPICON_NAME = AppIcon;
				ASSETCATALOG_COMPILER_GLOBAL_ACCENT_COLOR_NAME = AccentColor;
				CODE_SIGN_STYLE = Automatic;
				CURRENT_PROJECT_VERSION = 1;
				DEVELOPMENT_TEAM = 39VK47BC8L;
				ENABLE_PREVIEWS = YES;
				GENERATE_INFOPLIST_FILE = NO;
				INFOPLIST_FILE = "ProximityUnlockiOS-Info.plist";
				IPHONEOS_DEPLOYMENT_TARGET = 18.6;
				LD_RUNPATH_SEARCH_PATHS = (
					"$(inherited)",
					"@executable_path/Frameworks",
				);
				MARKETING_VERSION = 1.0;
				PRODUCT_BUNDLE_IDENTIFIER = com.raghav.ProximityUnlock.ProximityUnlockiOS;
				PRODUCT_NAME = "$(TARGET_NAME)";
				SDKROOT = iphoneos;
				STRING_CATALOG_GENERATE_SYMBOLS = YES;
				SWIFT_APPROACHABLE_CONCURRENCY = YES;
				SWIFT_DEFAULT_ACTOR_ISOLATION = MainActor;
				SWIFT_EMIT_LOC_STRINGS = YES;
				SWIFT_VERSION = 5.0;
				TARGETED_DEVICE_FAMILY = 1;
			};
			name = Debug;
		};
/* End XCBuildConfiguration section */

/* Begin XCConfigurationList section */
		078695D624C549969E697E2D /* Build configuration list for PBXNativeTarget "ProximityUnlockMacTests" */ = {
			isa = XCConfigurationList;
			buildConfigurations = (
				2F7893B9A355470AB2C4B9DF /* Debug */,
				E8CE05682ADA45F898732902 /* Release */,
			);
			defaultConfigurationIsVisible = 0;
			defaultConfigurationName = Release;
		};
		3A6F4B1B4245430390D350BC /* Build configuration list for PBXNativeTarget "ProximityUnlockiOSTests" */ = {
			isa = XCConfigurationList;
			buildConfigurations = (
				2AB3DA68830F4564ADC21420 /* Debug */,
				30CB46D9276A4D9988EBA04A /* Release */,
			);
			defaultConfigurationIsVisible = 0;
			defaultConfigurationName = Release;
		};
		64722CB32CC3405D88976557 /* Build configuration list for PBXNativeTarget "ProximityUnlockiOS" */ = {
			isa = XCConfigurationList;
			buildConfigurations = (
				FEE0C02BE186467B88CA39C1 /* Debug */,
				C1688F8DB35E4D8294115EC2 /* Release */,
			);
			defaultConfigurationIsVisible = 0;
			defaultConfigurationName = Release;
		};
		A003415B2F3C036300FCE096 /* Build configuration list for PBXProject "ProximityUnlockMac" */ = {
			isa = XCConfigurationList;
			buildConfigurations = (
				A00341692F3C036400FCE096 /* Debug */,
				A003416A2F3C036400FCE096 /* Release */,
			);
			defaultConfigurationIsVisible = 0;
			defaultConfigurationName = Release;
		};
		A003416B2F3C036400FCE096 /* Build configuration list for PBXNativeTarget "ProximityUnlockMac" */ = {
			isa = XCConfigurationList;
			buildConfigurations = (
				A003416C2F3C036400FCE096 /* Debug */,
				A003416D2F3C036400FCE096 /* Release */,
			);
			defaultConfigurationIsVisible = 0;
			defaultConfigurationName = Release;
		};
/* End XCConfigurationList section */
	};
	rootObject = A00341582F3C036300FCE096 /* Project object */;
}
